
Microsoft Visual Studio Solution File, Format Version 12.00
# Visual Studio Version 16
VisualStudioVersion = 16.0.34031.81
MinimumVisualStudioVersion = 10.0.40219.1
Project("{9A19103F-16F7-4668-BE54-9A1E7A4F7556}") = "day01", "day01\day01.csproj", "{09294CF6-A802-40BE-8493-FB65A84D50C1}"
EndProject
Project("{9A19103F-16F7-4668-BE54-9A1E7A4F7556}") = "aoc", "..\..\aoc\aoc\aoc.csproj", "{74CB0712-D367-4400-927B-C50510217ED1}"
EndProject
Project("{9A19103F-16F7-4668-BE54-9A1E7A4F7556}") = "day02", "day02\day02.csproj", "{5DE9C96E-631B-4EE6-BE7A-FD186AAF4BFC}"
EndProject
Project("{9A19103F-16F7-4668-BE54-9A1E7A4F7556}") = "day03", "day03\day03.csproj", "{18738C5F-38E5-4DA6-9F68-F27DF8604617}"
EndProject
Project("{9A19103F-16F7-4668-BE54-9A1E7A4F7556}") = "day04", "day04\day04.csproj", "{9C6754E4-0FA7-4EC8-A75B-AC7BB8B42329}"
EndProject
Project("{9A19103F-16F7-4668-BE54-9A1E7A4F7556}") = "day05", "day05\day05.csproj", "{B6D8531F-4196-4CC5-81A3-E92D834A60AA}"
EndProject
Project("{9A19103F-16F7-4668-BE54-9A1E7A4F7556}") = "day06", "day06\day06.csproj", "{CD44CD7F-DE90-467A-9060-C72FDC25711D}"
EndProject
Project("{9A19103F-16F7-4668-BE54-9A1E7A4F7556}") = "day07", "day07\day07.csproj", "{363D1A73-3E21-426E-99FD-A5F9AF6E7502}"
EndProject
Project("{9A19103F-16F7-4668-BE54-9A1E7A4F7556}") = "day08", "day08\day08.csproj", "{6D12F1AE-7899-45C6-AE46-B9BC1BBB67AF}"
EndProject
Project("{9A19103F-16F7-4668-BE54-9A1E7A4F7556}") = "day09", "day09\day09.csproj", "{69F4D7E2-9088-44DD-B552-0BC116885041}"
EndProject
Project("{9A19103F-16F7-4668-BE54-9A1E7A4F7556}") = "day10", "day10\day10.csproj", "{790E51C0-AABB-4A9A-A86E-5A43FFF35A92}"
EndProject
Project("{9A19103F-16F7-4668-BE54-9A1E7A4F7556}") = "day11", "day11\day11.csproj", "{2D2C867E-9978-466C-93F5-A13CF375E870}"
EndProject
Project("{9A19103F-16F7-4668-BE54-9A1E7A4F7556}") = "day12", "day12\day12.csproj", "{61D6DC7B-E16B-40BA-8EB7-9483610C78DD}"
EndProject
Project("{9A19103F-16F7-4668-BE54-9A1E7A4F7556}") = "day13", "day13\day13.csproj", "{7602F0D9-FD34-45A4-B281-F8D057D44836}"
EndProject
Project("{9A19103F-16F7-4668-BE54-9A1E7A4F7556}") = "day14", "day14\day14.csproj", "{7C8B7980-C42E-4A18-BCED-A091DA4F2D96}"
EndProject
Project("{9A19103F-16F7-4668-BE54-9A1E7A4F7556}") = "day15", "day15\day15.csproj", "{63701680-48C3-41FB-8E01-597314760ED4}"
EndProject
Project("{9A19103F-16F7-4668-BE54-9A1E7A4F7556}") = "day16", "day16\day16.csproj", "{38C3578B-166D-4A5C-8C45-1B5722761F25}"
EndProject
Project("{9A19103F-16F7-4668-BE54-9A1E7A4F7556}") = "day17", "day17\day17.csproj", "{C4EBBD19-820D-4F5D-A7B9-F359FFC768FB}"
EndProject
Project("{9A19103F-16F7-4668-BE54-9A1E7A4F7556}") = "day18", "day18\day18.csproj", "{EF80A0BA-4AA3-4C6A-961A-BA488843F86B}"
EndProject
Project("{9A19103F-16F7-4668-BE54-9A1E7A4F7556}") = "day19", "day19\day19.csproj", "{900C63B3-2B82-43CB-B448-D9FFB38DAFFA}"
EndProject
Project("{9A19103F-16F7-4668-BE54-9A1E7A4F7556}") = "day20", "day20\day20.csproj", "{669C6823-8E38-44C6-BACD-7ABFDAC834FB}"
EndProject
Project("{9A19103F-16F7-4668-BE54-9A1E7A4F7556}") = "day21", "day21\day21.csproj", "{62E7C955-5778-49AC-856D-39E93D2F8DC5}"
EndProject
Project("{9A19103F-16F7-4668-BE54-9A1E7A4F7556}") = "day22", "day22\day22.csproj", "{D702E077-AF0E-4FF8-9307-4633F35730FC}"
EndProject
Project("{9A19103F-16F7-4668-BE54-9A1E7A4F7556}") = "day23", "day23\day23.csproj", "{A05777A8-5E0A-4163-A76E-9043A8E7CD78}"
EndProject
Project("{9A19103F-16F7-4668-BE54-9A1E7A4F7556}") = "day24", "day24\day24.csproj", "{6FF0DBA8-C13A-4947-AB60-786A31200480}"
EndProject
Project("{9A19103F-16F7-4668-BE54-9A1E7A4F7556}") = "day25", "day25\day25.csproj", "{C3A5AD5B-5565-4AE8-911D-7B8EEA7B3E13}"
EndProject
Global
	GlobalSection(SolutionConfigurationPlatforms) = preSolution
		Debug|Any CPU = Debug|Any CPU
		Release|Any CPU = Release|Any CPU
	EndGlobalSection
	GlobalSection(ProjectConfigurationPlatforms) = postSolution
		{09294CF6-A802-40BE-8493-FB65A84D50C1}.Debug|Any CPU.ActiveCfg = Debug|Any CPU
		{09294CF6-A802-40BE-8493-FB65A84D50C1}.Debug|Any CPU.Build.0 = Debug|Any CPU
		{09294CF6-A802-40BE-8493-FB65A84D50C1}.Release|Any CPU.ActiveCfg = Release|Any CPU
		{09294CF6-A802-40BE-8493-FB65A84D50C1}.Release|Any CPU.Build.0 = Release|Any CPU
		{74CB0712-D367-4400-927B-C50510217ED1}.Debug|Any CPU.ActiveCfg = Debug|Any CPU
		{74CB0712-D367-4400-927B-C50510217ED1}.Debug|Any CPU.Build.0 = Debug|Any CPU
		{74CB0712-D367-4400-927B-C50510217ED1}.Release|Any CPU.ActiveCfg = Release|Any CPU
		{74CB0712-D367-4400-927B-C50510217ED1}.Release|Any CPU.Build.0 = Release|Any CPU
		{5DE9C96E-631B-4EE6-BE7A-FD186AAF4BFC}.Debug|Any CPU.ActiveCfg = Debug|Any CPU
		{5DE9C96E-631B-4EE6-BE7A-FD186AAF4BFC}.Debug|Any CPU.Build.0 = Debug|Any CPU
		{5DE9C96E-631B-4EE6-BE7A-FD186AAF4BFC}.Release|Any CPU.ActiveCfg = Release|Any CPU
		{5DE9C96E-631B-4EE6-BE7A-FD186AAF4BFC}.Release|Any CPU.Build.0 = Release|Any CPU
		{18738C5F-38E5-4DA6-9F68-F27DF8604617}.Debug|Any CPU.ActiveCfg = Debug|Any CPU
		{18738C5F-38E5-4DA6-9F68-F27DF8604617}.Debug|Any CPU.Build.0 = Debug|Any CPU
		{18738C5F-38E5-4DA6-9F68-F27DF8604617}.Release|Any CPU.ActiveCfg = Release|Any CPU
		{18738C5F-38E5-4DA6-9F68-F27DF8604617}.Release|Any CPU.Build.0 = Release|Any CPU
		{9C6754E4-0FA7-4EC8-A75B-AC7BB8B42329}.Debug|Any CPU.ActiveCfg = Debug|Any CPU
		{9C6754E4-0FA7-4EC8-A75B-AC7BB8B42329}.Debug|Any CPU.Build.0 = Debug|Any CPU
		{9C6754E4-0FA7-4EC8-A75B-AC7BB8B42329}.Release|Any CPU.ActiveCfg = Release|Any CPU
		{9C6754E4-0FA7-4EC8-A75B-AC7BB8B42329}.Release|Any CPU.Build.0 = Release|Any CPU
		{B6D8531F-4196-4CC5-81A3-E92D834A60AA}.Debug|Any CPU.ActiveCfg = Debug|Any CPU
		{B6D8531F-4196-4CC5-81A3-E92D834A60AA}.Debug|Any CPU.Build.0 = Debug|Any CPU
		{B6D8531F-4196-4CC5-81A3-E92D834A60AA}.Release|Any CPU.ActiveCfg = Release|Any CPU
		{B6D8531F-4196-4CC5-81A3-E92D834A60AA}.Release|Any CPU.Build.0 = Release|Any CPU
		{CD44CD7F-DE90-467A-9060-C72FDC25711D}.Debug|Any CPU.ActiveCfg = Debug|Any CPU
		{CD44CD7F-DE90-467A-9060-C72FDC25711D}.Debug|Any CPU.Build.0 = Debug|Any CPU
		{CD44CD7F-DE90-467A-9060-C72FDC25711D}.Release|Any CPU.ActiveCfg = Release|Any CPU
		{CD44CD7F-DE90-467A-9060-C72FDC25711D}.Release|Any CPU.Build.0 = Release|Any CPU
		{363D1A73-3E21-426E-99FD-A5F9AF6E7502}.Debug|Any CPU.ActiveCfg = Debug|Any CPU
		{363D1A73-3E21-426E-99FD-A5F9AF6E7502}.Debug|Any CPU.Build.0 = Debug|Any CPU
		{363D1A73-3E21-426E-99FD-A5F9AF6E7502}.Release|Any CPU.ActiveCfg = Release|Any CPU
		{363D1A73-3E21-426E-99FD-A5F9AF6E7502}.Release|Any CPU.Build.0 = Release|Any CPU
		{6D12F1AE-7899-45C6-AE46-B9BC1BBB67AF}.Debug|Any CPU.ActiveCfg = Debug|Any CPU
		{6D12F1AE-7899-45C6-AE46-B9BC1BBB67AF}.Debug|Any CPU.Build.0 = Debug|Any CPU
		{6D12F1AE-7899-45C6-AE46-B9BC1BBB67AF}.Release|Any CPU.ActiveCfg = Release|Any CPU
		{6D12F1AE-7899-45C6-AE46-B9BC1BBB67AF}.Release|Any CPU.Build.0 = Release|Any CPU
		{69F4D7E2-9088-44DD-B552-0BC116885041}.Debug|Any CPU.ActiveCfg = Debug|Any CPU
		{69F4D7E2-9088-44DD-B552-0BC116885041}.Debug|Any CPU.Build.0 = Debug|Any CPU
		{69F4D7E2-9088-44DD-B552-0BC116885041}.Release|Any CPU.ActiveCfg = Release|Any CPU
		{69F4D7E2-9088-44DD-B552-0BC116885041}.Release|Any CPU.Build.0 = Release|Any CPU
		{790E51C0-AABB-4A9A-A86E-5A43FFF35A92}.Debug|Any CPU.ActiveCfg = Debug|Any CPU
		{790E51C0-AABB-4A9A-A86E-5A43FFF35A92}.Debug|Any CPU.Build.0 = Debug|Any CPU
		{790E51C0-AABB-4A9A-A86E-5A43FFF35A92}.Release|Any CPU.ActiveCfg = Release|Any CPU
		{790E51C0-AABB-4A9A-A86E-5A43FFF35A92}.Release|Any CPU.Build.0 = Release|Any CPU
		{2D2C867E-9978-466C-93F5-A13CF375E870}.Debug|Any CPU.ActiveCfg = Debug|Any CPU
		{2D2C867E-9978-466C-93F5-A13CF375E870}.Debug|Any CPU.Build.0 = Debug|Any CPU
		{2D2C867E-9978-466C-93F5-A13CF375E870}.Release|Any CPU.ActiveCfg = Release|Any CPU
		{2D2C867E-9978-466C-93F5-A13CF375E870}.Release|Any CPU.Build.0 = Release|Any CPU
		{61D6DC7B-E16B-40BA-8EB7-9483610C78DD}.Debug|Any CPU.ActiveCfg = Debug|Any CPU
		{61D6DC7B-E16B-40BA-8EB7-9483610C78DD}.Debug|Any CPU.Build.0 = Debug|Any CPU
		{61D6DC7B-E16B-40BA-8EB7-9483610C78DD}.Release|Any CPU.ActiveCfg = Release|Any CPU
		{61D6DC7B-E16B-40BA-8EB7-9483610C78DD}.Release|Any CPU.Build.0 = Release|Any CPU
		{7602F0D9-FD34-45A4-B281-F8D057D44836}.Debug|Any CPU.ActiveCfg = Debug|Any CPU
		{7602F0D9-FD34-45A4-B281-F8D057D44836}.Debug|Any CPU.Build.0 = Debug|Any CPU
		{7602F0D9-FD34-45A4-B281-F8D057D44836}.Release|Any CPU.ActiveCfg = Release|Any CPU
		{7602F0D9-FD34-45A4-B281-F8D057D44836}.Release|Any CPU.Build.0 = Release|Any CPU
		{7C8B7980-C42E-4A18-BCED-A091DA4F2D96}.Debug|Any CPU.ActiveCfg = Debug|Any CPU
		{7C8B7980-C42E-4A18-BCED-A091DA4F2D96}.Debug|Any CPU.Build.0 = Debug|Any CPU
		{7C8B7980-C42E-4A18-BCED-A091DA4F2D96}.Release|Any CPU.ActiveCfg = Release|Any CPU
		{7C8B7980-C42E-4A18-BCED-A091DA4F2D96}.Release|Any CPU.Build.0 = Release|Any CPU
		{63701680-48C3-41FB-8E01-597314760ED4}.Debug|Any CPU.ActiveCfg = Debug|Any CPU
		{63701680-48C3-41FB-8E01-597314760ED4}.Debug|Any CPU.Build.0 = Debug|Any CPU
		{63701680-48C3-41FB-8E01-597314760ED4}.Release|Any CPU.ActiveCfg = Release|Any CPU
		{63701680-48C3-41FB-8E01-597314760ED4}.Release|Any CPU.Build.0 = Release|Any CPU
		{38C3578B-166D-4A5C-8C45-1B5722761F25}.Debug|Any CPU.ActiveCfg = Debug|Any CPU
		{38C3578B-166D-4A5C-8C45-1B5722761F25}.Debug|Any CPU.Build.0 = Debug|Any CPU
		{38C3578B-166D-4A5C-8C45-1B5722761F25}.Release|Any CPU.ActiveCfg = Release|Any CPU
		{38C3578B-166D-4A5C-8C45-1B5722761F25}.Release|Any CPU.Build.0 = Release|Any CPU
		{C4EBBD19-820D-4F5D-A7B9-F359FFC768FB}.Debug|Any CPU.ActiveCfg = Debug|Any CPU
		{C4EBBD19-820D-4F5D-A7B9-F359FFC768FB}.Debug|Any CPU.Build.0 = Debug|Any CPU
		{C4EBBD19-820D-4F5D-A7B9-F359FFC768FB}.Release|Any CPU.ActiveCfg = Release|Any CPU
		{C4EBBD19-820D-4F5D-A7B9-F359FFC768FB}.Release|Any CPU.Build.0 = Release|Any CPU
		{EF80A0BA-4AA3-4C6A-961A-BA488843F86B}.Debug|Any CPU.ActiveCfg = Debug|Any CPU
		{EF80A0BA-4AA3-4C6A-961A-BA488843F86B}.Debug|Any CPU.Build.0 = Debug|Any CPU
		{EF80A0BA-4AA3-4C6A-961A-BA488843F86B}.Release|Any CPU.ActiveCfg = Release|Any CPU
		{EF80A0BA-4AA3-4C6A-961A-BA488843F86B}.Release|Any CPU.Build.0 = Release|Any CPU
		{900C63B3-2B82-43CB-B448-D9FFB38DAFFA}.Debug|Any CPU.ActiveCfg = Debug|Any CPU
		{900C63B3-2B82-43CB-B448-D9FFB38DAFFA}.Debug|Any CPU.Build.0 = Debug|Any CPU
		{900C63B3-2B82-43CB-B448-D9FFB38DAFFA}.Release|Any CPU.ActiveCfg = Release|Any CPU
		{900C63B3-2B82-43CB-B448-D9FFB38DAFFA}.Release|Any CPU.Build.0 = Release|Any CPU
		{669C6823-8E38-44C6-BACD-7ABFDAC834FB}.Debug|Any CPU.ActiveCfg = Debug|Any CPU
		{669C6823-8E38-44C6-BACD-7ABFDAC834FB}.Debug|Any CPU.Build.0 = Debug|Any CPU
		{669C6823-8E38-44C6-BACD-7ABFDAC834FB}.Release|Any CPU.ActiveCfg = Release|Any CPU
		{669C6823-8E38-44C6-BACD-7ABFDAC834FB}.Release|Any CPU.Build.0 = Release|Any CPU
		{62E7C955-5778-49AC-856D-39E93D2F8DC5}.Debug|Any CPU.ActiveCfg = Debug|Any CPU
		{62E7C955-5778-49AC-856D-39E93D2F8DC5}.Debug|Any CPU.Build.0 = Debug|Any CPU
		{62E7C955-5778-49AC-856D-39E93D2F8DC5}.Release|Any CPU.ActiveCfg = Release|Any CPU
		{62E7C955-5778-49AC-856D-39E93D2F8DC5}.Release|Any CPU.Build.0 = Release|Any CPU
		{D702E077-AF0E-4FF8-9307-4633F35730FC}.Debug|Any CPU.ActiveCfg = Debug|Any CPU
		{D702E077-AF0E-4FF8-9307-4633F35730FC}.Debug|Any CPU.Build.0 = Debug|Any CPU
		{D702E077-AF0E-4FF8-9307-4633F35730FC}.Release|Any CPU.ActiveCfg = Release|Any CPU
		{D702E077-AF0E-4FF8-9307-4633F35730FC}.Release|Any CPU.Build.0 = Release|Any CPU
		{A05777A8-5E0A-4163-A76E-9043A8E7CD78}.Debug|Any CPU.ActiveCfg = Debug|Any CPU
		{A05777A8-5E0A-4163-A76E-9043A8E7CD78}.Debug|Any CPU.Build.0 = Debug|Any CPU
		{A05777A8-5E0A-4163-A76E-9043A8E7CD78}.Release|Any CPU.ActiveCfg = Release|Any CPU
		{A05777A8-5E0A-4163-A76E-9043A8E7CD78}.Release|Any CPU.Build.0 = Release|Any CPU
		{6FF0DBA8-C13A-4947-AB60-786A31200480}.Debug|Any CPU.ActiveCfg = Debug|Any CPU
		{6FF0DBA8-C13A-4947-AB60-786A31200480}.Debug|Any CPU.Build.0 = Debug|Any CPU
		{6FF0DBA8-C13A-4947-AB60-786A31200480}.Release|Any CPU.ActiveCfg = Release|Any CPU
		{6FF0DBA8-C13A-4947-AB60-786A31200480}.Release|Any CPU.Build.0 = Release|Any CPU
		{C3A5AD5B-5565-4AE8-911D-7B8EEA7B3E13}.Debug|Any CPU.ActiveCfg = Debug|Any CPU
		{C3A5AD5B-5565-4AE8-911D-7B8EEA7B3E13}.Debug|Any CPU.Build.0 = Debug|Any CPU
		{C3A5AD5B-5565-4AE8-911D-7B8EEA7B3E13}.Release|Any CPU.ActiveCfg = Release|Any CPU
		{C3A5AD5B-5565-4AE8-911D-7B8EEA7B3E13}.Release|Any CPU.Build.0 = Release|Any CPU
	EndGlobalSection
	GlobalSection(SolutionProperties) = preSolution
		HideSolutionNode = FALSE
	EndGlobalSection
	GlobalSection(ExtensibilityGlobals) = postSolution
		SolutionGuid = {F54E390B-FDC0-4B34-8C80-05C61CAF6109}
	EndGlobalSection
EndGlobal
